// !$*UTF8*$!
{
	archiveVersion = 1;
	classes = {
	};
	objectVersion = 46;
	objects = {

/* Begin PBXBuildFile section */
		356C9DC01A263AD4005D2DCB /* AppDelegate.swift in Sources */ = {isa = PBXBuildFile; fileRef = 356C9DBF1A263AD4005D2DCB /* AppDelegate.swift */; };
		356C9DC21A263AD4005D2DCB /* ViewController.swift in Sources */ = {isa = PBXBuildFile; fileRef = 356C9DC11A263AD4005D2DCB /* ViewController.swift */; };
		356C9DC51A263AD4005D2DCB /* Main.storyboard in Resources */ = {isa = PBXBuildFile; fileRef = 356C9DC31A263AD4005D2DCB /* Main.storyboard */; };
		356C9DC71A263AD4005D2DCB /* Images.xcassets in Resources */ = {isa = PBXBuildFile; fileRef = 356C9DC61A263AD4005D2DCB /* Images.xcassets */; };
		356C9DD61A263AD4005D2DCB /* LaunchScreenTests.swift in Sources */ = {isa = PBXBuildFile; fileRef = 356C9DD51A263AD4005D2DCB /* LaunchScreenTests.swift */; };
		356C9DE01A263AF2005D2DCB /* LaunchScreen.xib in Resources */ = {isa = PBXBuildFile; fileRef = 356C9DDF1A263AF2005D2DCB /* LaunchScreen.xib */; };
/* End PBXBuildFile section */

/* Begin PBXContainerItemProxy section */
		356C9DD01A263AD4005D2DCB /* PBXContainerItemProxy */ = {
			isa = PBXContainerItemProxy;
			containerPortal = 356C9DB21A263AD4005D2DCB /* Project object */;
			proxyType = 1;
			remoteGlobalIDString = 356C9DB91A263AD4005D2DCB;
			remoteInfo = LaunchScreen;
		};
/* End PBXContainerItemProxy section */

/* Begin PBXFileReference section */
		356C9DBA1A263AD4005D2DCB /* LaunchScreen.app */ = {isa = PBXFileReference; explicitFileType = wrapper.application; includeInIndex = 0; path = LaunchScreen.app; sourceTree = BUILT_PRODUCTS_DIR; };
		356C9DBE1A263AD4005D2DCB /* Info.plist */ = {isa = PBXFileReference; lastKnownFileType = text.plist.xml; path = Info.plist; sourceTree = "<group>"; };
		356C9DBF1A263AD4005D2DCB /* AppDelegate.swift */ = {isa = PBXFileReference; lastKnownFileType = sourcecode.swift; path = AppDelegate.swift; sourceTree = "<group>"; };
		356C9DC11A263AD4005D2DCB /* ViewController.swift */ = {isa = PBXFileReference; lastKnownFileType = sourcecode.swift; path = ViewController.swift; sourceTree = "<group>"; };
		356C9DC41A263AD4005D2DCB /* Base */ = {isa = PBXFileReference; lastKnownFileType = file.storyboard; name = Base; path = Base.lproj/Main.storyboard; sourceTree = "<group>"; };
		356C9DC61A263AD4005D2DCB /* Images.xcassets */ = {isa = PBXFileReference; lastKnownFileType = folder.assetcatalog; path = Images.xcassets; sourceTree = "<group>"; };
		356C9DCF1A263AD4005D2DCB /* LaunchScreenTests.xctest */ = {isa = PBXFileReference; explicitFileType = wrapper.cfbundle; includeInIndex = 0; path = LaunchScreenTests.xctest; sourceTree = BUILT_PRODUCTS_DIR; };
		356C9DD41A263AD4005D2DCB /* Info.plist */ = {isa = PBXFileReference; lastKnownFileType = text.plist.xml; path = Info.plist; sourceTree = "<group>"; };
		356C9DD51A263AD4005D2DCB /* LaunchScreenTests.swift */ = {isa = PBXFileReference; lastKnownFileType = sourcecode.swift; path = LaunchScreenTests.swift; sourceTree = "<group>"; };
		356C9DDF1A263AF2005D2DCB /* LaunchScreen.xib */ = {isa = PBXFileReference; fileEncoding = 4; lastKnownFileType = file.xib; path = LaunchScreen.xib; sourceTree = "<group>"; };
/* End PBXFileReference section */

/* Begin PBXFrameworksBuildPhase section */
		356C9DB71A263AD4005D2DCB /* Frameworks */ = {
			isa = PBXFrameworksBuildPhase;
			buildActionMask = 2147483647;
			files = (
			);
			runOnlyForDeploymentPostprocessing = 0;
		};
		356C9DCC1A263AD4005D2DCB /* Frameworks */ = {
			isa = PBXFrameworksBuildPhase;
			buildActionMask = 2147483647;
			files = (
			);
			runOnlyForDeploymentPostprocessing = 0;
		};
/* End PBXFrameworksBuildPhase section */

/* Begin PBXGroup section */
		356C9DB11A263AD4005D2DCB = {
			isa = PBXGroup;
			children = (
				356C9DBC1A263AD4005D2DCB /* LaunchScreen */,
				356C9DD21A263AD4005D2DCB /* LaunchScreenTests */,
				356C9DBB1A263AD4005D2DCB /* Products */,
			);
			sourceTree = "<group>";
		};
		356C9DBB1A263AD4005D2DCB /* Products */ = {
			isa = PBXGroup;
			children = (
				356C9DBA1A263AD4005D2DCB /* LaunchScreen.app */,
				356C9DCF1A263AD4005D2DCB /* LaunchScreenTests.xctest */,
			);
			name = Products;
			sourceTree = "<group>";
		};
		356C9DBC1A263AD4005D2DCB /* LaunchScreen */ = {
			isa = PBXGroup;
			children = (
				356C9DBF1A263AD4005D2DCB /* AppDelegate.swift */,
				356C9DC11A263AD4005D2DCB /* ViewController.swift */,
				356C9DC31A263AD4005D2DCB /* Main.storyboard */,
				356C9DDF1A263AF2005D2DCB /* LaunchScreen.xib */,
				356C9DC61A263AD4005D2DCB /* Images.xcassets */,
				356C9DBD1A263AD4005D2DCB /* Supporting Files */,
			);
			path = LaunchScreen;
			sourceTree = "<group>";
		};
		356C9DBD1A263AD4005D2DCB /* Supporting Files */ = {
			isa = PBXGroup;
			children = (
				356C9DBE1A263AD4005D2DCB /* Info.plist */,
			);
			name = "Supporting Files";
			sourceTree = "<group>";
		};
		356C9DD21A263AD4005D2DCB /* LaunchScreenTests */ = {
			isa = PBXGroup;
			children = (
				356C9DD51A263AD4005D2DCB /* LaunchScreenTests.swift */,
				356C9DD31A263AD4005D2DCB /* Supporting Files */,
			);
			path = LaunchScreenTests;
			sourceTree = "<group>";
		};
		356C9DD31A263AD4005D2DCB /* Supporting Files */ = {
			isa = PBXGroup;
			children = (
				356C9DD41A263AD4005D2DCB /* Info.plist */,
			);
			name = "Supporting Files";
			sourceTree = "<group>";
		};
/* End PBXGroup section */

/* Begin PBXNativeTarget section */
		356C9DB91A263AD4005D2DCB /* LaunchScreen */ = {
			isa = PBXNativeTarget;
			buildConfigurationList = 356C9DD91A263AD4005D2DCB /* Build configuration list for PBXNativeTarget "LaunchScreen" */;
			buildPhases = (
				356C9DB61A263AD4005D2DCB /* Sources */,
				356C9DB71A263AD4005D2DCB /* Frameworks */,
				356C9DB81A263AD4005D2DCB /* Resources */,
			);
			buildRules = (
			);
			dependencies = (
			);
			name = LaunchScreen;
			productName = LaunchScreen;
			productReference = 356C9DBA1A263AD4005D2DCB /* LaunchScreen.app */;
			productType = "com.apple.product-type.application";
		};
		356C9DCE1A263AD4005D2DCB /* LaunchScreenTests */ = {
			isa = PBXNativeTarget;
			buildConfigurationList = 356C9DDC1A263AD4005D2DCB /* Build configuration list for PBXNativeTarget "LaunchScreenTests" */;
			buildPhases = (
				356C9DCB1A263AD4005D2DCB /* Sources */,
				356C9DCC1A263AD4005D2DCB /* Frameworks */,
				356C9DCD1A263AD4005D2DCB /* Resources */,
			);
			buildRules = (
			);
			dependencies = (
				356C9DD11A263AD4005D2DCB /* PBXTargetDependency */,
			);
			name = LaunchScreenTests;
			productName = LaunchScreenTests;
			productReference = 356C9DCF1A263AD4005D2DCB /* LaunchScreenTests.xctest */;
			productType = "com.apple.product-type.bundle.unit-test";
		};
/* End PBXNativeTarget section */

/* Begin PBXProject section */
		356C9DB21A263AD4005D2DCB /* Project object */ = {
			isa = PBXProject;
			attributes = {
				LastUpgradeCheck = 0610;
				ORGANIZATIONNAME = "Razeware LLC";
				TargetAttributes = {
					356C9DB91A263AD4005D2DCB = {
						CreatedOnToolsVersion = 6.1;
					};
					356C9DCE1A263AD4005D2DCB = {
						CreatedOnToolsVersion = 6.1;
						TestTargetID = 356C9DB91A263AD4005D2DCB;
					};
				};
			};
			buildConfigurationList = 356C9DB51A263AD4005D2DCB /* Build configuration list for PBXProject "LaunchScreen" */;
			compatibilityVersion = "Xcode 3.2";
			developmentRegion = English;
			hasScannedForEncodings = 0;
			knownRegions = (
				en,
				Base,
			);
			mainGroup = 356C9DB11A263AD4005D2DCB;
			productRefGroup = 356C9DBB1A263AD4005D2DCB /* Products */;
			projectDirPath = "";
			projectRoot = "";
			targets = (
				356C9DB91A263AD4005D2DCB /* LaunchScreen */,
				356C9DCE1A263AD4005D2DCB /* LaunchScreenTests */,
			);
		};
/* End PBXProject section */

/* Begin PBXResourcesBuildPhase section */
		356C9DB81A263AD4005D2DCB /* Resources */ = {
			isa = PBXResourcesBuildPhase;
			buildActionMask = 2147483647;
			files = (
				356C9DC51A263AD4005D2DCB /* Main.storyboard in Resources */,
				356C9DE01A263AF2005D2DCB /* LaunchScreen.xib in Resources */,
				356C9DC71A263AD4005D2DCB /* Images.xcassets in Resources */,
			);
			runOnlyForDeploymentPostprocessing = 0;
		};
		356C9DCD1A263AD4005D2DCB /* Resources */ = {
			isa = PBXResourcesBuildPhase;
			buildActionMask = 2147483647;
			files = (
			);
			runOnlyForDeploymentPostprocessing = 0;
		};
/* End PBXResourcesBuildPhase section */

/* Begin PBXSourcesBuildPhase section */
		356C9DB61A263AD4005D2DCB /* Sources */ = {
			isa = PBXSourcesBuildPhase;
			buildActionMask = 2147483647;
			files = (
				356C9DC21A263AD4005D2DCB /* ViewController.swift in Sources */,
				356C9DC01A263AD4005D2DCB /* AppDelegate.swift in Sources */,
			);
			runOnlyForDeploymentPostprocessing = 0;
		};
		356C9DCB1A263AD4005D2DCB /* Sources */ = {
			isa = PBXSourcesBuildPhase;
			buildActionMask = 2147483647;
			files = (
				356C9DD61A263AD4005D2DCB /* LaunchScreenTests.swift in Sources */,
			);
			runOnlyForDeploymentPostprocessing = 0;
		};
/* End PBXSourcesBuildPhase section */

/* Begin PBXTargetDependency section */
		356C9DD11A263AD4005D2DCB /* PBXTargetDependency */ = {
			isa = PBXTargetDependency;
			target = 356C9DB91A263AD4005D2DCB /* LaunchScreen */;
			targetProxy = 356C9DD01A263AD4005D2DCB /* PBXContainerItemProxy */;
		};
/* End PBXTargetDependency section */

/* Begin PBXVariantGroup section */
		356C9DC31A263AD4005D2DCB /* Main.storyboard */ = {
			isa = PBXVariantGroup;
			children = (
				356C9DC41A263AD4005D2DCB /* Base */,
			);
			name = Main.storyboard;
			sourceTree = "<group>";
		};
/* End PBXVariantGroup section */

/* Begin XCBuildConfiguration section */
		356C9DD71A263AD4005D2DCB /* Debug */ = {
			isa = XCBuildConfiguration;
			buildSettings = {
				ALWAYS_SEARCH_USER_PATHS = NO;
				CLANG_CXX_LANGUAGE_STANDARD = "gnu++0x";
				CLANG_CXX_LIBRARY = "libc++";
				CLANG_ENABLE_MODULES = YES;
				CLANG_ENABLE_OBJC_ARC = YES;
				CLANG_WARN_BOOL_CONVERSION = YES;
				CLANG_WARN_CONSTANT_CONVERSION = YES;
				CLANG_WARN_DIRECT_OBJC_ISA_USAGE = YES_ERROR;
				CLANG_WARN_EMPTY_BODY = YES;
				CLANG_WARN_ENUM_CONVERSION = YES;
				CLANG_WARN_INT_CONVERSION = YES;
				CLANG_WARN_OBJC_ROOT_CLASS = YES_ERROR;
				CLANG_WARN_UNREACHABLE_CODE = YES;
				CLANG_WARN__DUPLICATE_METHOD_MATCH = YES;
				"CODE_SIGN_IDENTITY[sdk=iphoneos*]" = "iPhone Developer";
				COPY_PHASE_STRIP = NO;
				ENABLE_STRICT_OBJC_MSGSEND = YES;
				GCC_C_LANGUAGE_STANDARD = gnu99;
				GCC_DYNAMIC_NO_PIC = NO;
				GCC_OPTIMIZATION_LEVEL = 0;
				GCC_PREPROCESSOR_DEFINITIONS = (
					"DEBUG=1",
					"$(inherited)",
				);
				GCC_SYMBOLS_PRIVATE_EXTERN = NO;
				GCC_WARN_64_TO_32_BIT_CONVERSION = YES;
				GCC_WARN_ABOUT_RETURN_TYPE = YES_ERROR;
				GCC_WARN_UNDECLARED_SELECTOR = YES;
				GCC_WARN_UNINITIALIZED_AUTOS = YES_AGGRESSIVE;
				GCC_WARN_UNUSED_FUNCTION = YES;
				GCC_WARN_UNUSED_VARIABLE = YES;
				IPHONEOS_DEPLOYMENT_TARGET = 8.1;
				MTL_ENABLE_DEBUG_INFO = YES;
				ONLY_ACTIVE_ARCH = YES;
				SDKROOT = iphoneos;
				SWIFT_OPTIMIZATION_LEVEL = "-Onone";
				TARGETED_DEVICE_FAMILY = "1,2";
			};
			name = Debug;
		};
		356C9DD81A263AD4005D2DCB /* Release */ = {
			isa = XCBuildConfiguration;
			buildSettings = {
				ALWAYS_SEARCH_USER_PATHS = NO;
				CLANG_CXX_LANGUAGE_STANDARD = "gnu++0x";
				CLANG_CXX_LIBRARY = "libc++";
				CLANG_ENABLE_MODULES = YES;
				CLANG_ENABLE_OBJC_ARC = YES;
				CLANG_WARN_BOOL_CONVERSION = YES;
				CLANG_WARN_CONSTANT_CONVERSION = YES;
				CLANG_WARN_DIRECT_OBJC_ISA_USAGE = YES_ERROR;
				CLANG_WARN_EMPTY_BODY = YES;
				CLANG_WARN_ENUM_CONVERSION = YES;
				CLANG_WARN_INT_CONVERSION = YES;
				CLANG_WARN_OBJC_ROOT_CLASS = YES_ERROR;
				CLANG_WARN_UNREACHABLE_CODE = YES;
				CLANG_WARN__DUPLICATE_METHOD_MATCH = YES;
				"CODE_SIGN_IDENTITY[sdk=iphoneos*]" = "iPhone Developer";
				COPY_PHASE_STRIP = YES;
				ENABLE_NS_ASSERTIONS = NO;
				ENABLE_STRICT_OBJC_MSGSEND = YES;
				GCC_C_LANGUAGE_STANDARD = gnu99;
				GCC_WARN_64_TO_32_BIT_CONVERSION = YES;
				GCC_WARN_ABOUT_RETURN_TYPE = YES_ERROR;
				GCC_WARN_UNDECLARED_SELECTOR = YES;
				GCC_WARN_UNINITIALIZED_AUTOS = YES_AGGRESSIVE;
				GCC_WARN_UNUSED_FUNCTION = YES;
				GCC_WARN_UNUSED_VARIABLE = YES;
				IPHONEOS_DEPLOYMENT_TARGET = 8.1;
				MTL_ENABLE_DEBUG_INFO = NO;
				SDKROOT = iphoneos;
				TARGETED_DEVICE_FAMILY = "1,2";
				VALIDATE_PRODUCT = YES;
			};
			name = Release;
		};
		356C9DDA1A263AD4005D2DCB /* Debug */ = {
			isa = XCBuildConfiguration;
			buildSettings = {
				ASSETCATALOG_COMPILER_APPICON_NAME = AppIcon;
				INFOPLIST_FILE = LaunchScreen/Info.plist;
				LD_RUNPATH_SEARCH_PATHS = "$(inherited) @executable_path/Frameworks";
				PRODUCT_NAME = "$(TARGET_NAME)";
			};
			name = Debug;
		};
		356C9DDB1A263AD4005D2DCB /* Release */ = {
			isa = XCBuildConfiguration;
			buildSettings = {
				ASSETCATALOG_COMPILER_APPICON_NAME = AppIcon;
				INFOPLIST_FILE = LaunchScreen/Info.plist;
				LD_RUNPATH_SEARCH_PATHS = "$(inherited) @executable_path/Frameworks";
				PRODUCT_NAME = "$(TARGET_NAME)";
			};
			name = Release;
		};
		356C9DDD1A263AD4005D2DCB /* Debug */ = {
			isa = XCBuildConfiguration;
			buildSettings = {
				BUNDLE_LOADER = "$(TEST_HOST)";
				FRAMEWORK_SEARCH_PATHS = (
					"$(SDKROOT)/Developer/Library/Frameworks",
					"$(inherited)",
				);
				GCC_PREPROCESSOR_DEFINITIONS = (
					"DEBUG=1",
					"$(inherited)",
				);
				INFOPLIST_FILE = LaunchScreenTests/Info.plist;
				LD_RUNPATH_SEARCH_PATHS = "$(inherited) @executable_path/Frameworks @loader_path/Frameworks";
				PRODUCT_NAME = "$(TARGET_NAME)";
				TEST_HOST = "$(BUILT_PRODUCTS_DIR)/LaunchScreen.app/LaunchScreen";
			};
			name = Debug;
		};
		356C9DDE1A263AD4005D2DCB /* Release */ = {
			isa = XCBuildConfiguration;
			buildSettings = {
				BUNDLE_LOADER = "$(TEST_HOST)";
				FRAMEWORK_SEARCH_PATHS = (
					"$(SDKROOT)/Developer/Library/Frameworks",
					"$(inherited)",
				);
				INFOPLIST_FILE = LaunchScreenTests/Info.plist;
				LD_RUNPATH_SEARCH_PATHS = "$(inherited) @executable_path/Frameworks @loader_path/Frameworks";
				PRODUCT_NAME = "$(TARGET_NAME)";
				TEST_HOST = "$(BUILT_PRODUCTS_DIR)/LaunchScreen.app/LaunchScreen";
			};
			name = Release;
		};
/* End XCBuildConfiguration section */

/* Begin XCConfigurationList section */
		356C9DB51A263AD4005D2DCB /* Build configuration list for PBXProject "LaunchScreen" */ = {
			isa = XCConfigurationList;
			buildConfigurations = (
				356C9DD71A263AD4005D2DCB /* Debug */,
				356C9DD81A263AD4005D2DCB /* Release */,
			);
			defaultConfigurationIsVisible = 0;
			defaultConfigurationName = Release;
		};
		356C9DD91A263AD4005D2DCB /* Build configuration list for PBXNativeTarget "LaunchScreen" */ = {
			isa = XCConfigurationList;
			buildConfigurations = (
				356C9DDA1A263AD4005D2DCB /* Debug */,
				356C9DDB1A263AD4005D2DCB /* Release */,
			);
			defaultConfigurationIsVisible = 0;
		};
		356C9DDC1A263AD4005D2DCB /* Build configuration list for PBXNativeTarget "LaunchScreenTests" */ = {
			isa = XCConfigurationList;
			buildConfigurations = (
				356C9DDD1A263AD4005D2DCB /* Debug */,
				356C9DDE1A263AD4005D2DCB /* Release */,
			);
			defaultConfigurationIsVisible = 0;
		};
/* End XCConfigurationList section */
	};
	rootObject = 356C9DB21A263AD4005D2DCB /* Project object */;
}
